// !$*UTF8*$!
{
	archiveVersion = 1;
	classes = {
	};
	objectVersion = 56;
	objects = {

/* Begin PBXBuildFile section */
		3219A2672C665498008C2A85 /* AppDelegate.swift in Sources */ = {isa = PBXBuildFile; fileRef = 3219A2662C665498008C2A85 /* AppDelegate.swift */; };
		3219A2692C665498008C2A85 /* SceneDelegate.swift in Sources */ = {isa = PBXBuildFile; fileRef = 3219A2682C665498008C2A85 /* SceneDelegate.swift */; };
		3219A26B2C665498008C2A85 /* ViewController.swift in Sources */ = {isa = PBXBuildFile; fileRef = 3219A26A2C665498008C2A85 /* ViewController.swift */; };
		3219A26E2C665498008C2A85 /* Main.storyboard in Resources */ = {isa = PBXBuildFile; fileRef = 3219A26C2C665498008C2A85 /* Main.storyboard */; };
		3219A2702C66549C008C2A85 /* Assets.xcassets in Resources */ = {isa = PBXBuildFile; fileRef = 3219A26F2C66549C008C2A85 /* Assets.xcassets */; };
		3219A2732C66549C008C2A85 /* LaunchScreen.storyboard in Resources */ = {isa = PBXBuildFile; fileRef = 3219A2712C66549C008C2A85 /* LaunchScreen.storyboard */; };
		3219A27E2C66549C008C2A85 /* SwiftUIKitDemoTests.swift in Sources */ = {isa = PBXBuildFile; fileRef = 3219A27D2C66549C008C2A85 /* SwiftUIKitDemoTests.swift */; };
		3219A2882C66549C008C2A85 /* SwiftUIKitDemoUITests.swift in Sources */ = {isa = PBXBuildFile; fileRef = 3219A2872C66549C008C2A85 /* SwiftUIKitDemoUITests.swift */; };
		3219A28A2C66549C008C2A85 /* SwiftUIKitDemoUITestsLaunchTests.swift in Sources */ = {isa = PBXBuildFile; fileRef = 3219A2892C66549C008C2A85 /* SwiftUIKitDemoUITestsLaunchTests.swift */; };
		3261F4A42C69C84C00FDC514 /* UIView+Extension.swift in Sources */ = {isa = PBXBuildFile; fileRef = 3261F4A32C69C84C00FDC514 /* UIView+Extension.swift */; };
		3261F4A62C69CAD000FDC514 /* BannerCell.swift in Sources */ = {isa = PBXBuildFile; fileRef = 3261F4A52C69CAD000FDC514 /* BannerCell.swift */; };
		327B705A2C6734FC00CF9B01 /* VC+Delegate+DataSource.swift in Sources */ = {isa = PBXBuildFile; fileRef = 327B70592C6734FC00CF9B01 /* VC+Delegate+DataSource.swift */; };
		327B70602C6736B700CF9B01 /* HelperClass.swift in Sources */ = {isa = PBXBuildFile; fileRef = 327B705F2C6736B700CF9B01 /* HelperClass.swift */; };
		327B70622C673AFD00CF9B01 /* ViewModel.swift in Sources */ = {isa = PBXBuildFile; fileRef = 327B70612C673AFD00CF9B01 /* ViewModel.swift */; };
		327B70642C673BCA00CF9B01 /* DataModel.swift in Sources */ = {isa = PBXBuildFile; fileRef = 327B70632C673BCA00CF9B01 /* DataModel.swift */; };
		327B70672C67422B00CF9B01 /* DataListCell.swift in Sources */ = {isa = PBXBuildFile; fileRef = 327B70652C67422B00CF9B01 /* DataListCell.swift */; };
		327B70682C67422B00CF9B01 /* DataListCell.xib in Resources */ = {isa = PBXBuildFile; fileRef = 327B70662C67422B00CF9B01 /* DataListCell.xib */; };
/* End PBXBuildFile section */

/* Begin PBXContainerItemProxy section */
		3219A27A2C66549C008C2A85 /* PBXContainerItemProxy */ = {
			isa = PBXContainerItemProxy;
			containerPortal = 3219A25B2C665498008C2A85 /* Project object */;
			proxyType = 1;
			remoteGlobalIDString = 3219A2622C665498008C2A85;
			remoteInfo = SwiftUIKitDemo;
		};
		3219A2842C66549C008C2A85 /* PBXContainerItemProxy */ = {
			isa = PBXContainerItemProxy;
			containerPortal = 3219A25B2C665498008C2A85 /* Project object */;
			proxyType = 1;
			remoteGlobalIDString = 3219A2622C665498008C2A85;
			remoteInfo = SwiftUIKitDemo;
		};
/* End PBXContainerItemProxy section */

/* Begin PBXFileReference section */
		3219A2632C665498008C2A85 /* SwiftUIKitDemo.app */ = {isa = PBXFileReference; explicitFileType = wrapper.application; includeInIndex = 0; path = SwiftUIKitDemo.app; sourceTree = BUILT_PRODUCTS_DIR; };
		3219A2662C665498008C2A85 /* AppDelegate.swift */ = {isa = PBXFileReference; lastKnownFileType = sourcecode.swift; path = AppDelegate.swift; sourceTree = "<group>"; };
		3219A2682C665498008C2A85 /* SceneDelegate.swift */ = {isa = PBXFileReference; lastKnownFileType = sourcecode.swift; path = SceneDelegate.swift; sourceTree = "<group>"; };
		3219A26A2C665498008C2A85 /* ViewController.swift */ = {isa = PBXFileReference; lastKnownFileType = sourcecode.swift; path = ViewController.swift; sourceTree = "<group>"; };
		3219A26D2C665498008C2A85 /* Base */ = {isa = PBXFileReference; lastKnownFileType = file.storyboard; name = Base; path = Base.lproj/Main.storyboard; sourceTree = "<group>"; };
		3219A26F2C66549C008C2A85 /* Assets.xcassets */ = {isa = PBXFileReference; lastKnownFileType = folder.assetcatalog; path = Assets.xcassets; sourceTree = "<group>"; };
		3219A2722C66549C008C2A85 /* Base */ = {isa = PBXFileReference; lastKnownFileType = file.storyboard; name = Base; path = Base.lproj/LaunchScreen.storyboard; sourceTree = "<group>"; };
		3219A2742C66549C008C2A85 /* Info.plist */ = {isa = PBXFileReference; lastKnownFileType = text.plist.xml; path = Info.plist; sourceTree = "<group>"; };
		3219A2792C66549C008C2A85 /* SwiftUIKitDemoTests.xctest */ = {isa = PBXFileReference; explicitFileType = wrapper.cfbundle; includeInIndex = 0; path = SwiftUIKitDemoTests.xctest; sourceTree = BUILT_PRODUCTS_DIR; };
		3219A27D2C66549C008C2A85 /* SwiftUIKitDemoTests.swift */ = {isa = PBXFileReference; lastKnownFileType = sourcecode.swift; path = SwiftUIKitDemoTests.swift; sourceTree = "<group>"; };
		3219A2832C66549C008C2A85 /* SwiftUIKitDemoUITests.xctest */ = {isa = PBXFileReference; explicitFileType = wrapper.cfbundle; includeInIndex = 0; path = SwiftUIKitDemoUITests.xctest; sourceTree = BUILT_PRODUCTS_DIR; };
		3219A2872C66549C008C2A85 /* SwiftUIKitDemoUITests.swift */ = {isa = PBXFileReference; lastKnownFileType = sourcecode.swift; path = SwiftUIKitDemoUITests.swift; sourceTree = "<group>"; };
		3219A2892C66549C008C2A85 /* SwiftUIKitDemoUITestsLaunchTests.swift */ = {isa = PBXFileReference; lastKnownFileType = sourcecode.swift; path = SwiftUIKitDemoUITestsLaunchTests.swift; sourceTree = "<group>"; };
		3261F4A32C69C84C00FDC514 /* UIView+Extension.swift */ = {isa = PBXFileReference; lastKnownFileType = sourcecode.swift; path = "UIView+Extension.swift"; sourceTree = "<group>"; };
		3261F4A52C69CAD000FDC514 /* BannerCell.swift */ = {isa = PBXFileReference; lastKnownFileType = sourcecode.swift; path = BannerCell.swift; sourceTree = "<group>"; };
		327B70592C6734FC00CF9B01 /* VC+Delegate+DataSource.swift */ = {isa = PBXFileReference; lastKnownFileType = sourcecode.swift; path = "VC+Delegate+DataSource.swift"; sourceTree = "<group>"; };
		327B705F2C6736B700CF9B01 /* HelperClass.swift */ = {isa = PBXFileReference; lastKnownFileType = sourcecode.swift; path = HelperClass.swift; sourceTree = "<group>"; };
		327B70612C673AFD00CF9B01 /* ViewModel.swift */ = {isa = PBXFileReference; lastKnownFileType = sourcecode.swift; path = ViewModel.swift; sourceTree = "<group>"; };
		327B70632C673BCA00CF9B01 /* DataModel.swift */ = {isa = PBXFileReference; fileEncoding = 4; lastKnownFileType = sourcecode.swift; path = DataModel.swift; sourceTree = "<group>"; };
		327B70652C67422B00CF9B01 /* DataListCell.swift */ = {isa = PBXFileReference; lastKnownFileType = sourcecode.swift; path = DataListCell.swift; sourceTree = "<group>"; };
		327B70662C67422B00CF9B01 /* DataListCell.xib */ = {isa = PBXFileReference; lastKnownFileType = file.xib; path = DataListCell.xib; sourceTree = "<group>"; };
/* End PBXFileReference section */

/* Begin PBXFrameworksBuildPhase section */
		3219A2602C665498008C2A85 /* Frameworks */ = {
			isa = PBXFrameworksBuildPhase;
			buildActionMask = 2147483647;
			files = (
			);
			runOnlyForDeploymentPostprocessing = 0;
		};
		3219A2762C66549C008C2A85 /* Frameworks */ = {
			isa = PBXFrameworksBuildPhase;
			buildActionMask = 2147483647;
			files = (
			);
			runOnlyForDeploymentPostprocessing = 0;
		};
		3219A2802C66549C008C2A85 /* Frameworks */ = {
			isa = PBXFrameworksBuildPhase;
			buildActionMask = 2147483647;
			files = (
			);
			runOnlyForDeploymentPostprocessing = 0;
		};
/* End PBXFrameworksBuildPhase section */

/* Begin PBXGroup section */
		3219A25A2C665498008C2A85 = {
			isa = PBXGroup;
			children = (
				3219A2652C665498008C2A85 /* SwiftUIKitDemo */,
				3219A27C2C66549C008C2A85 /* SwiftUIKitDemoTests */,
				3219A2862C66549C008C2A85 /* SwiftUIKitDemoUITests */,
				3219A2642C665498008C2A85 /* Products */,
			);
			sourceTree = "<group>";
		};
		3219A2642C665498008C2A85 /* Products */ = {
			isa = PBXGroup;
			children = (
				3219A2632C665498008C2A85 /* SwiftUIKitDemo.app */,
				3219A2792C66549C008C2A85 /* SwiftUIKitDemoTests.xctest */,
				3219A2832C66549C008C2A85 /* SwiftUIKitDemoUITests.xctest */,
			);
			name = Products;
			sourceTree = "<group>";
		};
		3219A2652C665498008C2A85 /* SwiftUIKitDemo */ = {
			isa = PBXGroup;
			children = (
				3261F4AA2C69EAF100FDC514 /* Extensions */,
				3261F4A92C69EAC800FDC514 /* Model */,
				3261F4A82C69EAC000FDC514 /* ViewModel */,
				3261F4A72C69EABA00FDC514 /* View */,
				3261F4AB2C69EB0600FDC514 /* HelperClass */,
				3219A2662C665498008C2A85 /* AppDelegate.swift */,
				3219A2682C665498008C2A85 /* SceneDelegate.swift */,
				3219A26C2C665498008C2A85 /* Main.storyboard */,
				3219A26F2C66549C008C2A85 /* Assets.xcassets */,
				3219A2712C66549C008C2A85 /* LaunchScreen.storyboard */,
				3219A2742C66549C008C2A85 /* Info.plist */,
			);
			path = SwiftUIKitDemo;
			sourceTree = "<group>";
		};
		3219A27C2C66549C008C2A85 /* SwiftUIKitDemoTests */ = {
			isa = PBXGroup;
			children = (
				3219A27D2C66549C008C2A85 /* SwiftUIKitDemoTests.swift */,
			);
			path = SwiftUIKitDemoTests;
			sourceTree = "<group>";
		};
		3219A2862C66549C008C2A85 /* SwiftUIKitDemoUITests */ = {
			isa = PBXGroup;
			children = (
				3219A2872C66549C008C2A85 /* SwiftUIKitDemoUITests.swift */,
				3219A2892C66549C008C2A85 /* SwiftUIKitDemoUITestsLaunchTests.swift */,
			);
			path = SwiftUIKitDemoUITests;
			sourceTree = "<group>";
		};
		3261F4A72C69EABA00FDC514 /* View */ = {
			isa = PBXGroup;
			children = (
				3219A26A2C665498008C2A85 /* ViewController.swift */,
				3261F4A52C69CAD000FDC514 /* BannerCell.swift */,
				327B70652C67422B00CF9B01 /* DataListCell.swift */,
				327B70662C67422B00CF9B01 /* DataListCell.xib */,
			);
			path = View;
			sourceTree = "<group>";
		};
		3261F4A82C69EAC000FDC514 /* ViewModel */ = {
			isa = PBXGroup;
			children = (
				327B70592C6734FC00CF9B01 /* VC+Delegate+DataSource.swift */,
				327B70612C673AFD00CF9B01 /* ViewModel.swift */,
			);
			path = ViewModel;
			sourceTree = "<group>";
		};
		3261F4A92C69EAC800FDC514 /* Model */ = {
			isa = PBXGroup;
			children = (
				327B70632C673BCA00CF9B01 /* DataModel.swift */,
			);
			path = Model;
			sourceTree = "<group>";
		};
		3261F4AA2C69EAF100FDC514 /* Extensions */ = {
			isa = PBXGroup;
			children = (
				3261F4A32C69C84C00FDC514 /* UIView+Extension.swift */,
			);
			path = Extensions;
			sourceTree = "<group>";
		};
		3261F4AB2C69EB0600FDC514 /* HelperClass */ = {
			isa = PBXGroup;
			children = (
				327B705F2C6736B700CF9B01 /* HelperClass.swift */,
			);
			path = HelperClass;
			sourceTree = "<group>";
		};
/* End PBXGroup section */

/* Begin PBXNativeTarget section */
		3219A2622C665498008C2A85 /* SwiftUIKitDemo */ = {
			isa = PBXNativeTarget;
			buildConfigurationList = 3219A28D2C66549C008C2A85 /* Build configuration list for PBXNativeTarget "SwiftUIKitDemo" */;
			buildPhases = (
				3219A25F2C665498008C2A85 /* Sources */,
				3219A2602C665498008C2A85 /* Frameworks */,
				3219A2612C665498008C2A85 /* Resources */,
			);
			buildRules = (
			);
			dependencies = (
			);
			name = SwiftUIKitDemo;
			productName = SwiftUIKitDemo;
			productReference = 3219A2632C665498008C2A85 /* SwiftUIKitDemo.app */;
			productType = "com.apple.product-type.application";
		};
		3219A2782C66549C008C2A85 /* SwiftUIKitDemoTests */ = {
			isa = PBXNativeTarget;
			buildConfigurationList = 3219A2902C66549C008C2A85 /* Build configuration list for PBXNativeTarget "SwiftUIKitDemoTests" */;
			buildPhases = (
				3219A2752C66549C008C2A85 /* Sources */,
				3219A2762C66549C008C2A85 /* Frameworks */,
				3219A2772C66549C008C2A85 /* Resources */,
			);
			buildRules = (
			);
			dependencies = (
				3219A27B2C66549C008C2A85 /* PBXTargetDependency */,
			);
			name = SwiftUIKitDemoTests;
			productName = SwiftUIKitDemoTests;
			productReference = 3219A2792C66549C008C2A85 /* SwiftUIKitDemoTests.xctest */;
			productType = "com.apple.product-type.bundle.unit-test";
		};
		3219A2822C66549C008C2A85 /* SwiftUIKitDemoUITests */ = {
			isa = PBXNativeTarget;
			buildConfigurationList = 3219A2932C66549C008C2A85 /* Build configuration list for PBXNativeTarget "SwiftUIKitDemoUITests" */;
			buildPhases = (
				3219A27F2C66549C008C2A85 /* Sources */,
				3219A2802C66549C008C2A85 /* Frameworks */,
				3219A2812C66549C008C2A85 /* Resources */,
			);
			buildRules = (
			);
			dependencies = (
				3219A2852C66549C008C2A85 /* PBXTargetDependency */,
			);
			name = SwiftUIKitDemoUITests;
			productName = SwiftUIKitDemoUITests;
			productReference = 3219A2832C66549C008C2A85 /* SwiftUIKitDemoUITests.xctest */;
			productType = "com.apple.product-type.bundle.ui-testing";
		};
/* End PBXNativeTarget section */

/* Begin PBXProject section */
		3219A25B2C665498008C2A85 /* Project object */ = {
			isa = PBXProject;
			attributes = {
				BuildIndependentTargetsInParallel = 1;
				LastSwiftUpdateCheck = 1400;
				LastUpgradeCheck = 1400;
				TargetAttributes = {
					3219A2622C665498008C2A85 = {
						CreatedOnToolsVersion = 14.0;
					};
					3219A2782C66549C008C2A85 = {
						CreatedOnToolsVersion = 14.0;
						TestTargetID = 3219A2622C665498008C2A85;
					};
					3219A2822C66549C008C2A85 = {
						CreatedOnToolsVersion = 14.0;
						TestTargetID = 3219A2622C665498008C2A85;
					};
				};
			};
			buildConfigurationList = 3219A25E2C665498008C2A85 /* Build configuration list for PBXProject "SwiftUIKitDemo" */;
			compatibilityVersion = "Xcode 14.0";
			developmentRegion = en;
			hasScannedForEncodings = 0;
			knownRegions = (
				en,
				Base,
			);
			mainGroup = 3219A25A2C665498008C2A85;
			productRefGroup = 3219A2642C665498008C2A85 /* Products */;
			projectDirPath = "";
			projectRoot = "";
			targets = (
				3219A2622C665498008C2A85 /* SwiftUIKitDemo */,
				3219A2782C66549C008C2A85 /* SwiftUIKitDemoTests */,
				3219A2822C66549C008C2A85 /* SwiftUIKitDemoUITests */,
			);
		};
/* End PBXProject section */

/* Begin PBXResourcesBuildPhase section */
		3219A2612C665498008C2A85 /* Resources */ = {
			isa = PBXResourcesBuildPhase;
			buildActionMask = 2147483647;
			files = (
				3219A2732C66549C008C2A85 /* LaunchScreen.storyboard in Resources */,
				327B70682C67422B00CF9B01 /* DataListCell.xib in Resources */,
				3219A2702C66549C008C2A85 /* Assets.xcassets in Resources */,
				3219A26E2C665498008C2A85 /* Main.storyboard in Resources */,
			);
			runOnlyForDeploymentPostprocessing = 0;
		};
		3219A2772C66549C008C2A85 /* Resources */ = {
			isa = PBXResourcesBuildPhase;
			buildActionMask = 2147483647;
			files = (
			);
			runOnlyForDeploymentPostprocessing = 0;
		};
		3219A2812C66549C008C2A85 /* Resources */ = {
			isa = PBXResourcesBuildPhase;
			buildActionMask = 2147483647;
			files = (
			);
			runOnlyForDeploymentPostprocessing = 0;
		};
/* End PBXResourcesBuildPhase section */

/* Begin PBXSourcesBuildPhase section */
		3219A25F2C665498008C2A85 /* Sources */ = {
			isa = PBXSourcesBuildPhase;
			buildActionMask = 2147483647;
			files = (
				327B70602C6736B700CF9B01 /* HelperClass.swift in Sources */,
				327B705A2C6734FC00CF9B01 /* VC+Delegate+DataSource.swift in Sources */,
				3219A26B2C665498008C2A85 /* ViewController.swift in Sources */,
				3219A2672C665498008C2A85 /* AppDelegate.swift in Sources */,
				327B70672C67422B00CF9B01 /* DataListCell.swift in Sources */,
				327B70642C673BCA00CF9B01 /* DataModel.swift in Sources */,
				3219A2692C665498008C2A85 /* SceneDelegate.swift in Sources */,
				3261F4A42C69C84C00FDC514 /* UIView+Extension.swift in Sources */,
				327B70622C673AFD00CF9B01 /* ViewModel.swift in Sources */,
				3261F4A62C69CAD000FDC514 /* BannerCell.swift in Sources */,
			);
			runOnlyForDeploymentPostprocessing = 0;
		};
		3219A2752C66549C008C2A85 /* Sources */ = {
			isa = PBXSourcesBuildPhase;
			buildActionMask = 2147483647;
			files = (
				3219A27E2C66549C008C2A85 /* SwiftUIKitDemoTests.swift in Sources */,
			);
			runOnlyForDeploymentPostprocessing = 0;
		};
		3219A27F2C66549C008C2A85 /* Sources */ = {
			isa = PBXSourcesBuildPhase;
			buildActionMask = 2147483647;
			files = (
				3219A28A2C66549C008C2A85 /* SwiftUIKitDemoUITestsLaunchTests.swift in Sources */,
				3219A2882C66549C008C2A85 /* SwiftUIKitDemoUITests.swift in Sources */,
			);
			runOnlyForDeploymentPostprocessing = 0;
		};
/* End PBXSourcesBuildPhase section */

/* Begin PBXTargetDependency section */
		3219A27B2C66549C008C2A85 /* PBXTargetDependency */ = {
			isa = PBXTargetDependency;
			target = 3219A2622C665498008C2A85 /* SwiftUIKitDemo */;
			targetProxy = 3219A27A2C66549C008C2A85 /* PBXContainerItemProxy */;
		};
		3219A2852C66549C008C2A85 /* PBXTargetDependency */ = {
			isa = PBXTargetDependency;
			target = 3219A2622C665498008C2A85 /* SwiftUIKitDemo */;
			targetProxy = 3219A2842C66549C008C2A85 /* PBXContainerItemProxy */;
		};
/* End PBXTargetDependency section */

/* Begin PBXVariantGroup section */
		3219A26C2C665498008C2A85 /* Main.storyboard */ = {
			isa = PBXVariantGroup;
			children = (
				3219A26D2C665498008C2A85 /* Base */,
			);
			name = Main.storyboard;
			sourceTree = "<group>";
		};
		3219A2712C66549C008C2A85 /* LaunchScreen.storyboard */ = {
			isa = PBXVariantGroup;
			children = (
				3219A2722C66549C008C2A85 /* Base */,
			);
			name = LaunchScreen.storyboard;
			sourceTree = "<group>";
		};
/* End PBXVariantGroup section */

/* Begin XCBuildConfiguration section */
		3219A28B2C66549C008C2A85 /* Debug */ = {
			isa = XCBuildConfiguration;
			buildSettings = {
				ALWAYS_SEARCH_USER_PATHS = NO;
				CLANG_ANALYZER_NONNULL = YES;
				CLANG_ANALYZER_NUMBER_OBJECT_CONVERSION = YES_AGGRESSIVE;
				CLANG_CXX_LANGUAGE_STANDARD = "gnu++20";
				CLANG_ENABLE_MODULES = YES;
				CLANG_ENABLE_OBJC_ARC = YES;
				CLANG_ENABLE_OBJC_WEAK = YES;
				CLANG_WARN_BLOCK_CAPTURE_AUTORELEASING = YES;
				CLANG_WARN_BOOL_CONVERSION = YES;
				CLANG_WARN_COMMA = YES;
				CLANG_WARN_CONSTANT_CONVERSION = YES;
				CLANG_WARN_DEPRECATED_OBJC_IMPLEMENTATIONS = YES;
				CLANG_WARN_DIRECT_OBJC_ISA_USAGE = YES_ERROR;
				CLANG_WARN_DOCUMENTATION_COMMENTS = YES;
				CLANG_WARN_EMPTY_BODY = YES;
				CLANG_WARN_ENUM_CONVERSION = YES;
				CLANG_WARN_INFINITE_RECURSION = YES;
				CLANG_WARN_INT_CONVERSION = YES;
				CLANG_WARN_NON_LITERAL_NULL_CONVERSION = YES;
				CLANG_WARN_OBJC_IMPLICIT_RETAIN_SELF = YES;
				CLANG_WARN_OBJC_LITERAL_CONVERSION = YES;
				CLANG_WARN_OBJC_ROOT_CLASS = YES_ERROR;
				CLANG_WARN_QUOTED_INCLUDE_IN_FRAMEWORK_HEADER = YES;
				CLANG_WARN_RANGE_LOOP_ANALYSIS = YES;
				CLANG_WARN_STRICT_PROTOTYPES = YES;
				CLANG_WARN_SUSPICIOUS_MOVE = YES;
				CLANG_WARN_UNGUARDED_AVAILABILITY = YES_AGGRESSIVE;
				CLANG_WARN_UNREACHABLE_CODE = YES;
				CLANG_WARN__DUPLICATE_METHOD_MATCH = YES;
				COPY_PHASE_STRIP = NO;
				DEBUG_INFORMATION_FORMAT = dwarf;
				ENABLE_STRICT_OBJC_MSGSEND = YES;
				ENABLE_TESTABILITY = YES;
				GCC_C_LANGUAGE_STANDARD = gnu11;
				GCC_DYNAMIC_NO_PIC = NO;
				GCC_NO_COMMON_BLOCKS = YES;
				GCC_OPTIMIZATION_LEVEL = 0;
				GCC_PREPROCESSOR_DEFINITIONS = (
					"DEBUG=1",
					"$(inherited)",
				);
				GCC_WARN_64_TO_32_BIT_CONVERSION = YES;
				GCC_WARN_ABOUT_RETURN_TYPE = YES_ERROR;
				GCC_WARN_UNDECLARED_SELECTOR = YES;
				GCC_WARN_UNINITIALIZED_AUTOS = YES_AGGRESSIVE;
				GCC_WARN_UNUSED_FUNCTION = YES;
				GCC_WARN_UNUSED_VARIABLE = YES;
				IPHONEOS_DEPLOYMENT_TARGET = 16.0;
				MTL_ENABLE_DEBUG_INFO = INCLUDE_SOURCE;
				MTL_FAST_MATH = YES;
				ONLY_ACTIVE_ARCH = YES;
				SDKROOT = iphoneos;
				SWIFT_ACTIVE_COMPILATION_CONDITIONS = DEBUG;
				SWIFT_OPTIMIZATION_LEVEL = "-Onone";
			};
			name = Debug;
		};
		3219A28C2C66549C008C2A85 /* Release */ = {
			isa = XCBuildConfiguration;
			buildSettings = {
				ALWAYS_SEARCH_USER_PATHS = NO;
				CLANG_ANALYZER_NONNULL = YES;
				CLANG_ANALYZER_NUMBER_OBJECT_CONVERSION = YES_AGGRESSIVE;
				CLANG_CXX_LANGUAGE_STANDARD = "gnu++20";
				CLANG_ENABLE_MODULES = YES;
				CLANG_ENABLE_OBJC_ARC = YES;
				CLANG_ENABLE_OBJC_WEAK = YES;
				CLANG_WARN_BLOCK_CAPTURE_AUTORELEASING = YES;
				CLANG_WARN_BOOL_CONVERSION = YES;
				CLANG_WARN_COMMA = YES;
				CLANG_WARN_CONSTANT_CONVERSION = YES;
				CLANG_WARN_DEPRECATED_OBJC_IMPLEMENTATIONS = YES;
				CLANG_WARN_DIRECT_OBJC_ISA_USAGE = YES_ERROR;
				CLANG_WARN_DOCUMENTATION_COMMENTS = YES;
				CLANG_WARN_EMPTY_BODY = YES;
				CLANG_WARN_ENUM_CONVERSION = YES;
				CLANG_WARN_INFINITE_RECURSION = YES;
				CLANG_WARN_INT_CONVERSION = YES;
				CLANG_WARN_NON_LITERAL_NULL_CONVERSION = YES;
				CLANG_WARN_OBJC_IMPLICIT_RETAIN_SELF = YES;
				CLANG_WARN_OBJC_LITERAL_CONVERSION = YES;
				CLANG_WARN_OBJC_ROOT_CLASS = YES_ERROR;
				CLANG_WARN_QUOTED_INCLUDE_IN_FRAMEWORK_HEADER = YES;
				CLANG_WARN_RANGE_LOOP_ANALYSIS = YES;
				CLANG_WARN_STRICT_PROTOTYPES = YES;
				CLANG_WARN_SUSPICIOUS_MOVE = YES;
				CLANG_WARN_UNGUARDED_AVAILABILITY = YES_AGGRESSIVE;
				CLANG_WARN_UNREACHABLE_CODE = YES;
				CLANG_WARN__DUPLICATE_METHOD_MATCH = YES;
				COPY_PHASE_STRIP = NO;
				DEBUG_INFORMATION_FORMAT = "dwarf-with-dsym";
				ENABLE_NS_ASSERTIONS = NO;
				ENABLE_STRICT_OBJC_MSGSEND = YES;
				GCC_C_LANGUAGE_STANDARD = gnu11;
				GCC_NO_COMMON_BLOCKS = YES;
				GCC_WARN_64_TO_32_BIT_CONVERSION = YES;
				GCC_WARN_ABOUT_RETURN_TYPE = YES_ERROR;
				GCC_WARN_UNDECLARED_SELECTOR = YES;
				GCC_WARN_UNINITIALIZED_AUTOS = YES_AGGRESSIVE;
				GCC_WARN_UNUSED_FUNCTION = YES;
				GCC_WARN_UNUSED_VARIABLE = YES;
				IPHONEOS_DEPLOYMENT_TARGET = 16.0;
				MTL_ENABLE_DEBUG_INFO = NO;
				MTL_FAST_MATH = YES;
				SDKROOT = iphoneos;
				SWIFT_COMPILATION_MODE = wholemodule;
				SWIFT_OPTIMIZATION_LEVEL = "-O";
				VALIDATE_PRODUCT = YES;
			};
			name = Release;
		};
		3219A28E2C66549C008C2A85 /* Debug */ = {
			isa = XCBuildConfiguration;
			buildSettings = {
				ASSETCATALOG_COMPILER_APPICON_NAME = AppIcon;
				ASSETCATALOG_COMPILER_GLOBAL_ACCENT_COLOR_NAME = AccentColor;
				CODE_SIGN_STYLE = Automatic;
				CURRENT_PROJECT_VERSION = 1;
				GENERATE_INFOPLIST_FILE = YES;
				INFOPLIST_FILE = SwiftUIKitDemo/Info.plist;
				INFOPLIST_KEY_UIApplicationSupportsIndirectInputEvents = YES;
				INFOPLIST_KEY_UILaunchStoryboardName = LaunchScreen;
				INFOPLIST_KEY_UIMainStoryboardFile = Main;
				INFOPLIST_KEY_UISupportedInterfaceOrientations_iPad = "UIInterfaceOrientationPortrait UIInterfaceOrientationPortraitUpsideDown UIInterfaceOrientationLandscapeLeft UIInterfaceOrientationLandscapeRight";
				INFOPLIST_KEY_UISupportedInterfaceOrientations_iPhone = "UIInterfaceOrientationPortrait UIInterfaceOrientationLandscapeLeft UIInterfaceOrientationLandscapeRight";
				LD_RUNPATH_SEARCH_PATHS = (
					"$(inherited)",
					"@executable_path/Frameworks",
				);
				MARKETING_VERSION = 1.0;
				PRODUCT_BUNDLE_IDENTIFIER = com.UIKitDemo.SwiftUIKitDemo;
				PRODUCT_NAME = "$(TARGET_NAME)";
				SWIFT_EMIT_LOC_STRINGS = YES;
				SWIFT_VERSION = 5.0;
				TARGETED_DEVICE_FAMILY = "1,2";
			};
			name = Debug;
		};
		3219A28F2C66549C008C2A85 /* Release */ = {
			isa = XCBuildConfiguration;
			buildSettings = {
				ASSETCATALOG_COMPILER_APPICON_NAME = AppIcon;
				ASSETCATALOG_COMPILER_GLOBAL_ACCENT_COLOR_NAME = AccentColor;
				CODE_SIGN_STYLE = Automatic;
				CURRENT_PROJECT_VERSION = 1;
				GENERATE_INFOPLIST_FILE = YES;
				INFOPLIST_FILE = SwiftUIKitDemo/Info.plist;
				INFOPLIST_KEY_UIApplicationSupportsIndirectInputEvents = YES;
				INFOPLIST_KEY_UILaunchStoryboardName = LaunchScreen;
				INFOPLIST_KEY_UIMainStoryboardFile = Main;
				INFOPLIST_KEY_UISupportedInterfaceOrientations_iPad = "UIInterfaceOrientationPortrait UIInterfaceOrientationPortraitUpsideDown UIInterfaceOrientationLandscapeLeft UIInterfaceOrientationLandscapeRight";
				INFOPLIST_KEY_UISupportedInterfaceOrientations_iPhone = "UIInterfaceOrientationPortrait UIInterfaceOrientationLandscapeLeft UIInterfaceOrientationLandscapeRight";
				LD_RUNPATH_SEARCH_PATHS = (
					"$(inherited)",
					"@executable_path/Frameworks",
				);
				MARKETING_VERSION = 1.0;
				PRODUCT_BUNDLE_IDENTIFIER = com.UIKitDemo.SwiftUIKitDemo;
				PRODUCT_NAME = "$(TARGET_NAME)";
				SWIFT_EMIT_LOC_STRINGS = YES;
				SWIFT_VERSION = 5.0;
				TARGETED_DEVICE_FAMILY = "1,2";
			};
			name = Release;
		};
		3219A2912C66549C008C2A85 /* Debug */ = {
			isa = XCBuildConfiguration;
			buildSettings = {
				ALWAYS_EMBED_SWIFT_STANDARD_LIBRARIES = YES;
				BUNDLE_LOADER = "$(TEST_HOST)";
				CODE_SIGN_STYLE = Automatic;
				CURRENT_PROJECT_VERSION = 1;
				GENERATE_INFOPLIST_FILE = YES;
				IPHONEOS_DEPLOYMENT_TARGET = 16.0;
				MARKETING_VERSION = 1.0;
				PRODUCT_BUNDLE_IDENTIFIER = com.UIKitDemo.SwiftUIKitDemoTests;
				PRODUCT_NAME = "$(TARGET_NAME)";
				SWIFT_EMIT_LOC_STRINGS = NO;
				SWIFT_VERSION = 5.0;
				TARGETED_DEVICE_FAMILY = "1,2";
				TEST_HOST = "$(BUILT_PRODUCTS_DIR)/SwiftUIKitDemo.app/$(BUNDLE_EXECUTABLE_FOLDER_PATH)/SwiftUIKitDemo";
			};
			name = Debug;
		};
		3219A2922C66549C008C2A85 /* Release */ = {
			isa = XCBuildConfiguration;
			buildSettings = {
				ALWAYS_EMBED_SWIFT_STANDARD_LIBRARIES = YES;
				BUNDLE_LOADER = "$(TEST_HOST)";
				CODE_SIGN_STYLE = Automatic;
				CURRENT_PROJECT_VERSION = 1;
				GENERATE_INFOPLIST_FILE = YES;
				IPHONEOS_DEPLOYMENT_TARGET = 16.0;
				MARKETING_VERSION = 1.0;
				PRODUCT_BUNDLE_IDENTIFIER = com.UIKitDemo.SwiftUIKitDemoTests;
				PRODUCT_NAME = "$(TARGET_NAME)";
				SWIFT_EMIT_LOC_STRINGS = NO;
				SWIFT_VERSION = 5.0;
				TARGETED_DEVICE_FAMILY = "1,2";
				TEST_HOST = "$(BUILT_PRODUCTS_DIR)/SwiftUIKitDemo.app/$(BUNDLE_EXECUTABLE_FOLDER_PATH)/SwiftUIKitDemo";
			};
			name = Release;
		};
		3219A2942C66549C008C2A85 /* Debug */ = {
			isa = XCBuildConfiguration;
			buildSettings = {
				ALWAYS_EMBED_SWIFT_STANDARD_LIBRARIES = YES;
				CODE_SIGN_STYLE = Automatic;
				CURRENT_PROJECT_VERSION = 1;
				GENERATE_INFOPLIST_FILE = YES;
				MARKETING_VERSION = 1.0;
				PRODUCT_BUNDLE_IDENTIFIER = com.UIKitDemo.SwiftUIKitDemoUITests;
				PRODUCT_NAME = "$(TARGET_NAME)";
				SWIFT_EMIT_LOC_STRINGS = NO;
				SWIFT_VERSION = 5.0;
				TARGETED_DEVICE_FAMILY = "1,2";
				TEST_TARGET_NAME = SwiftUIKitDemo;
			};
			name = Debug;
		};
		3219A2952C66549C008C2A85 /* Release */ = {
			isa = XCBuildConfiguration;
			buildSettings = {
				ALWAYS_EMBED_SWIFT_STANDARD_LIBRARIES = YES;
				CODE_SIGN_STYLE = Automatic;
				CURRENT_PROJECT_VERSION = 1;
				GENERATE_INFOPLIST_FILE = YES;
				MARKETING_VERSION = 1.0;
				PRODUCT_BUNDLE_IDENTIFIER = com.UIKitDemo.SwiftUIKitDemoUITests;
				PRODUCT_NAME = "$(TARGET_NAME)";
				SWIFT_EMIT_LOC_STRINGS = NO;
				SWIFT_VERSION = 5.0;
				TARGETED_DEVICE_FAMILY = "1,2";
				TEST_TARGET_NAME = SwiftUIKitDemo;
			};
			name = Release;
		};
/* End XCBuildConfiguration section */

/* Begin XCConfigurationList section */
		3219A25E2C665498008C2A85 /* Build configuration list for PBXProject "SwiftUIKitDemo" */ = {
			isa = XCConfigurationList;
			buildConfigurations = (
				3219A28B2C66549C008C2A85 /* Debug */,
				3219A28C2C66549C008C2A85 /* Release */,
			);
			defaultConfigurationIsVisible = 0;
			defaultConfigurationName = Release;
		};
		3219A28D2C66549C008C2A85 /* Build configuration list for PBXNativeTarget "SwiftUIKitDemo" */ = {
			isa = XCConfigurationList;
			buildConfigurations = (
				3219A28E2C66549C008C2A85 /* Debug */,
				3219A28F2C66549C008C2A85 /* Release */,
			);
			defaultConfigurationIsVisible = 0;
			defaultConfigurationName = Release;
		};
		3219A2902C66549C008C2A85 /* Build configuration list for PBXNativeTarget "SwiftUIKitDemoTests" */ = {
			isa = XCConfigurationList;
			buildConfigurations = (
				3219A2912C66549C008C2A85 /* Debug */,
				3219A2922C66549C008C2A85 /* Release */,
			);
			defaultConfigurationIsVisible = 0;
			defaultConfigurationName = Release;
		};
		3219A2932C66549C008C2A85 /* Build configuration list for PBXNativeTarget "SwiftUIKitDemoUITests" */ = {
			isa = XCConfigurationList;
			buildConfigurations = (
				3219A2942C66549C008C2A85 /* Debug */,
				3219A2952C66549C008C2A85 /* Release */,
			);
			defaultConfigurationIsVisible = 0;
			defaultConfigurationName = Release;
		};
/* End XCConfigurationList section */
	};
	rootObject = 3219A25B2C665498008C2A85 /* Project object */;
}
